
Microsoft Visual Studio Solution File, Format Version 12.00
# Visual Studio 15
VisualStudioVersion = 15.0.26730.16
MinimumVisualStudioVersion = 10.0.40219.1
Project("{FAE04EC0-301F-11D3-BF4B-00C04F79EFBC}") = "Cardgame.App", "Cardgame.App\Cardgame.App.csproj", "{AAAC9246-BE4A-4E2F-8DFB-6FF52C17544B}"
EndProject
Project("{FAE04EC0-301F-11D3-BF4B-00C04F79EFBC}") = "Cardgame.Common", "Cardgame.Common\Cardgame.Common.csproj", "{15BEBCC0-257D-4B21-B8F1-620549DCC74E}"
EndProject
Global
	GlobalSection(SolutionConfigurationPlatforms) = preSolution
		Debug|Any CPU = Debug|Any CPU
		Release|Any CPU = Release|Any CPU
	EndGlobalSection
	GlobalSection(ProjectConfigurationPlatforms) = postSolution
		{AAAC9246-BE4A-4E2F-8DFB-6FF52C17544B}.Debug|Any CPU.ActiveCfg = Debug|Any CPU
		{AAAC9246-BE4A-4E2F-8DFB-6FF52C17544B}.Debug|Any CPU.Build.0 = Debug|Any CPU
		{AAAC9246-BE4A-4E2F-8DFB-6FF52C17544B}.Release|Any CPU.ActiveCfg = Release|Any CPU
		{AAAC9246-BE4A-4E2F-8DFB-6FF52C17544B}.Release|Any CPU.Build.0 = Release|Any CPU
		{15BEBCC0-257D-4B21-B8F1-620549DCC74E}.Debug|Any CPU.ActiveCfg = Debug|Any CPU
		{15BEBCC0-257D-4B21-B8F1-620549DCC74E}.Debug|Any CPU.Build.0 = Debug|Any CPU
		{15BEBCC0-257D-4B21-B8F1-620549DCC74E}.Release|Any CPU.ActiveCfg = Release|Any CPU
		{15BEBCC0-257D-4B21-B8F1-620549DCC74E}.Release|Any CPU.Build.0 = Release|Any CPU
	EndGlobalSection
	GlobalSection(SolutionProperties) = preSolution
		HideSolutionNode = FALSE
	EndGlobalSection
	GlobalSection(ExtensibilityGlobals) = postSolution
		SolutionGuid = {545B465B-FA70-4666-B54B-D958C1C8386D}
	EndGlobalSection
EndGlobal
